
Microsoft Visual Studio Solution File, Format Version 12.00
# Visual Studio 2013
VisualStudioVersion = 12.0.30723.0
MinimumVisualStudioVersion = 10.0.40219.1
Project("{8BC9CEB8-8B4A-11D0-8D11-00A0C91BC942}") = "Pure Kleptomania", "Pure Kleptomania\Pure Kleptomania.vcxproj", "{8BD8A3F5-D8C8-4B32-985D-F02B66C64F15}"
EndProject
Global
	GlobalSection(SolutionConfigurationPlatforms) = preSolution
		Debug|Win32 = Debug|Win32
		Release|Win32 = Release|Win32
		Verbose|Win32 = Verbose|Win32
	EndGlobalSection
	GlobalSection(ProjectConfigurationPlatforms) = postSolution
		{8BD8A3F5-D8C8-4B32-985D-F02B66C64F15}.Debug|Win32.ActiveCfg = Debug|Win32
		{8BD8A3F5-D8C8-4B32-985D-F02B66C64F15}.Debug|Win32.Build.0 = Debug|Win32
		{8BD8A3F5-D8C8-4B32-985D-F02B66C64F15}.Release|Win32.ActiveCfg = Release|Win32
		{8BD8A3F5-D8C8-4B32-985D-F02B66C64F15}.Release|Win32.Build.0 = Release|Win32
		{8BD8A3F5-D8C8-4B32-985D-F02B66C64F15}.Verbose|Win32.ActiveCfg = Verbose|Win32
		{8BD8A3F5-D8C8-4B32-985D-F02B66C64F15}.Verbose|Win32.Build.0 = Verbose|Win32
	EndGlobalSection
	GlobalSection(SolutionProperties) = preSolution
		HideSolutionNode = FALSE
	EndGlobalSection
EndGlobal
