<?xml version="1.0" encoding="utf-8"?>
<Project ToolsVersion="4.0" xmlns="http://schemas.microsoft.com/developer/msbuild/2003">
  <ItemGroup>
    <Filter Include="Source Files">
      <UniqueIdentifier>{4FC737F1-C7A5-4376-A066-2A32D752A2FF}</UniqueIdentifier>
      <Extensions>cpp;c;cc;cxx;def;odl;idl;hpj;bat;asm;asmx</Extensions>
    </Filter>
    <Filter Include="Header Files">
      <UniqueIdentifier>{93995380-89BD-4b04-88EB-625FBE52EBFB}</UniqueIdentifier>
      <Extensions>h;hh;hpp;hxx;hm;inl;inc;xsd</Extensions>
    </Filter>
    <Filter Include="Resource Files">
      <UniqueIdentifier>{67DA6AB6-F800-4c08-8B7A-83BB121AAD01}</UniqueIdentifier>
      <Extensions>rc;ico;cur;bmp;dlg;rc2;rct;bin;rgs;gif;jpg;jpeg;jpe;resx;tiff;tif;png;wav;mfcribbon-ms</Extensions>
    </Filter>
    <Filter Include="Header Files\BaseClasses">
      <UniqueIdentifier>{4d70944b-f10a-44a9-84a4-e48fce210493}</UniqueIdentifier>
    </Filter>
    <Filter Include="Header Files\GameClasses">
      <UniqueIdentifier>{606b8cc8-fbaa-4dfc-8258-666c82dd6e4f}</UniqueIdentifier>
    </Filter>
    <Filter Include="Header Files\Headers">
      <UniqueIdentifier>{cb2ca6ff-1a62-4bce-87be-17566e4163a0}</UniqueIdentifier>
    </Filter>
    <Filter Include="Resource Files\BaseClasses">
      <UniqueIdentifier>{6f414a87-c76e-4bde-88e8-fdea92a98c48}</UniqueIdentifier>
    </Filter>
    <Filter Include="Resource Files\GameClasses">
      <UniqueIdentifier>{108e5a50-d3e7-4563-9f93-cd1f3b688e55}</UniqueIdentifier>
    </Filter>
    <Filter Include="Header Files\RenderClasses">
      <UniqueIdentifier>{dbcc2798-23ba-42e4-ac17-f3211df0d9c1}</UniqueIdentifier>
    </Filter>
    <Filter Include="Resource Files\RenderClass">
      <UniqueIdentifier>{ef00e0fd-45ff-4fde-b5ea-64979ec64dd1}</UniqueIdentifier>
    </Filter>
  </ItemGroup>
  <ItemGroup>
    <ClCompile Include="Source.cpp">
      <Filter>Source Files</Filter>
    </ClCompile>
    <ClCompile Include="BasicObject.cpp">
      <Filter>Resource Files\BaseClasses</Filter>
    </ClCompile>
    <ClCompile Include="Sprite.cpp">
      <Filter>Resource Files\BaseClasses</Filter>
    </ClCompile>
    <ClCompile Include="WorldObject2D.cpp">
      <Filter>Resource Files\BaseClasses</Filter>
    </ClCompile>
    <ClCompile Include="Actor.cpp">
      <Filter>Resource Files\GameClasses</Filter>
    </ClCompile>
    <ClCompile Include="Player.cpp">
      <Filter>Resource Files\GameClasses</Filter>
    </ClCompile>
    <ClCompile Include="Tile.cpp">
      <Filter>Resource Files\GameClasses</Filter>
    </ClCompile>
    <ClCompile Include="Renderer.cpp">
      <Filter>Resource Files\RenderClass</Filter>
    </ClCompile>
    <ClCompile Include="World2D.cpp">
      <Filter>Resource Files\GameClasses</Filter>
    </ClCompile>
    <ClCompile Include="VectorTypes.cpp">
      <Filter>Resource Files</Filter>
    </ClCompile>
    <ClCompile Include="Image.cpp">
      <Filter>Resource Files\RenderClass</Filter>
    </ClCompile>
    <ClCompile Include="BasicEntity.cpp">
      <Filter>Resource Files\BaseClasses</Filter>
    </ClCompile>
  </ItemGroup>
  <ItemGroup>
    <ClInclude Include="BasicObject.h">
      <Filter>Header Files\BaseClasses</Filter>
    </ClInclude>
    <ClInclude Include="Sprite.h">
      <Filter>Header Files\BaseClasses</Filter>
    </ClInclude>
    <ClInclude Include="WorldObject2D.h">
      <Filter>Header Files\BaseClasses</Filter>
    </ClInclude>
    <ClInclude Include="Actor.h">
      <Filter>Header Files\GameClasses</Filter>
    </ClInclude>
    <ClInclude Include="Player.h">
      <Filter>Header Files\GameClasses</Filter>
    </ClInclude>
    <ClInclude Include="Tile.h">
      <Filter>Header Files\GameClasses</Filter>
    </ClInclude>
    <ClInclude Include="World2D.h">
      <Filter>Header Files\GameClasses</Filter>
    </ClInclude>
    <ClInclude Include="GameHeaders.h">
      <Filter>Header Files\Headers</Filter>
    </ClInclude>
    <ClInclude Include="stdafx.h">
      <Filter>Header Files\Headers</Filter>
    </ClInclude>
    <ClInclude Include="VectorTypes.h">
      <Filter>Header Files\Headers</Filter>
    </ClInclude>
    <ClInclude Include="Renderer.h">
      <Filter>Header Files\RenderClasses</Filter>
    </ClInclude>
    <ClInclude Include="Image.h">
      <Filter>Header Files\RenderClasses</Filter>
    </ClInclude>
    <ClInclude Include="Inventory.h">
      <Filter>Header Files\GameClasses</Filter>
    </ClInclude>
    <ClInclude Include="Item.h">
      <Filter>Header Files\GameClasses</Filter>
    </ClInclude>
    <ClInclude Include="Storage.h">
      <Filter>Header Files\GameClasses</Filter>
    </ClInclude>
    <ClInclude Include="BaseEntity.h">
      <Filter>Header Files\BaseClasses</Filter>
    </ClInclude>
  </ItemGroup>
</Project>